
Microsoft Visual Studio Solution File, Format Version 12.00
# Visual Studio 2010
Project("{FAE04EC0-301F-11D3-BF4B-00C04F79EFBC}") = "KoalaDiff", "KoalaDiff\KoalaDiff.csproj", "{D7EAEBF4-C6E1-4C3C-8F2B-18754113E2C5}"
EndProject
Global
	GlobalSection(SolutionConfigurationPlatforms) = preSolution
		Debug|Any CPU = Debug|Any CPU
		Release|Any CPU = Release|Any CPU
	EndGlobalSection
	GlobalSection(ProjectConfigurationPlatforms) = postSolution
		{D7EAEBF4-C6E1-4C3C-8F2B-18754113E2C5}.Debug|Any CPU.ActiveCfg = Debug|Any CPU
		{D7EAEBF4-C6E1-4C3C-8F2B-18754113E2C5}.Debug|Any CPU.Build.0 = Debug|Any CPU
		{D7EAEBF4-C6E1-4C3C-8F2B-18754113E2C5}.Release|Any CPU.ActiveCfg = Release|Any CPU
		{D7EAEBF4-C6E1-4C3C-8F2B-18754113E2C5}.Release|Any CPU.Build.0 = Release|Any CPU
	EndGlobalSection
	GlobalSection(SolutionProperties) = preSolution
		HideSolutionNode = FALSE
	EndGlobalSection
EndGlobal
